// !$*UTF8*$!
{
	archiveVersion = 1;
	classes = {
	};
	objectVersion = 56;
	objects = {

/* Begin PBXBuildFile section */
		5771DB4D2C71E38E00294392 /* CalendarManager.swift in Sources */ = {isa = PBXBuildFile; fileRef = 5771DB4C2C71E38E00294392 /* CalendarManager.swift */; };
		5771DB502C71EE0E00294392 /* CalendarChooserView.swift in Sources */ = {isa = PBXBuildFile; fileRef = 5771DB4F2C71EE0E00294392 /* CalendarChooserView.swift */; };
		5771DB522C71F1CD00294392 /* PrivacyInfo.xcprivacy in Resources */ = {isa = PBXBuildFile; fileRef = 5771DB512C71F1CD00294392 /* PrivacyInfo.xcprivacy */; };
		57E1EE592C6B9FF900294392 /* Handy_RouteApp.swift in Sources */ = {isa = PBXBuildFile; fileRef = 57E1EE582C6B9FF900294392 /* Handy_RouteApp.swift */; };
		57E1EE5B2C6B9FF900294392 /* ContentView.swift in Sources */ = {isa = PBXBuildFile; fileRef = 57E1EE5A2C6B9FF900294392 /* ContentView.swift */; };
		57E1EE5D2C6B9FFB00294392 /* Assets.xcassets in Resources */ = {isa = PBXBuildFile; fileRef = 57E1EE5C2C6B9FFB00294392 /* Assets.xcassets */; };
		57E1EE602C6B9FFB00294392 /* Preview Assets.xcassets in Resources */ = {isa = PBXBuildFile; fileRef = 57E1EE5F2C6B9FFB00294392 /* Preview Assets.xcassets */; };
/* End PBXBuildFile section */

/* Begin PBXFileReference section */
		5771DB4C2C71E38E00294392 /* CalendarManager.swift */ = {isa = PBXFileReference; lastKnownFileType = sourcecode.swift; path = CalendarManager.swift; sourceTree = "<group>"; };
		5771DB4E2C71EB0600294392 /* Handy-Route-Info.plist */ = {isa = PBXFileReference; lastKnownFileType = text.plist; path = "Handy-Route-Info.plist"; sourceTree = SOURCE_ROOT; };
		5771DB4F2C71EE0E00294392 /* CalendarChooserView.swift */ = {isa = PBXFileReference; lastKnownFileType = sourcecode.swift; path = CalendarChooserView.swift; sourceTree = "<group>"; };
		5771DB512C71F1CD00294392 /* PrivacyInfo.xcprivacy */ = {isa = PBXFileReference; lastKnownFileType = text.xml; path = PrivacyInfo.xcprivacy; sourceTree = "<group>"; };
		57E1EE552C6B9FF900294392 /* Handy Route.app */ = {isa = PBXFileReference; explicitFileType = wrapper.application; includeInIndex = 0; path = "Handy Route.app"; sourceTree = BUILT_PRODUCTS_DIR; };
		57E1EE582C6B9FF900294392 /* Handy_RouteApp.swift */ = {isa = PBXFileReference; lastKnownFileType = sourcecode.swift; path = Handy_RouteApp.swift; sourceTree = "<group>"; };
		57E1EE5A2C6B9FF900294392 /* ContentView.swift */ = {isa = PBXFileReference; lastKnownFileType = sourcecode.swift; path = ContentView.swift; sourceTree = "<group>"; };
		57E1EE5C2C6B9FFB00294392 /* Assets.xcassets */ = {isa = PBXFileReference; lastKnownFileType = folder.assetcatalog; path = Assets.xcassets; sourceTree = "<group>"; };
		57E1EE5F2C6B9FFB00294392 /* Preview Assets.xcassets */ = {isa = PBXFileReference; lastKnownFileType = folder.assetcatalog; path = "Preview Assets.xcassets"; sourceTree = "<group>"; };
/* End PBXFileReference section */

/* Begin PBXFrameworksBuildPhase section */
		57E1EE522C6B9FF900294392 /* Frameworks */ = {
			isa = PBXFrameworksBuildPhase;
			buildActionMask = 2147483647;
			files = (
			);
			runOnlyForDeploymentPostprocessing = 0;
		};
/* End PBXFrameworksBuildPhase section */

/* Begin PBXGroup section */
		57E1EE4C2C6B9FF900294392 = {
			isa = PBXGroup;
			children = (
				57E1EE572C6B9FF900294392 /* Handy Route */,
				57E1EE562C6B9FF900294392 /* Products */,
			);
			sourceTree = "<group>";
		};
		57E1EE562C6B9FF900294392 /* Products */ = {
			isa = PBXGroup;
			children = (
				57E1EE552C6B9FF900294392 /* Handy Route.app */,
			);
			name = Products;
			sourceTree = "<group>";
		};
		57E1EE572C6B9FF900294392 /* Handy Route */ = {
			isa = PBXGroup;
			children = (
				5771DB4E2C71EB0600294392 /* Handy-Route-Info.plist */,
				5771DB512C71F1CD00294392 /* PrivacyInfo.xcprivacy */,
				57E1EE582C6B9FF900294392 /* Handy_RouteApp.swift */,
				57E1EE5A2C6B9FF900294392 /* ContentView.swift */,
				5771DB4F2C71EE0E00294392 /* CalendarChooserView.swift */,
				5771DB4C2C71E38E00294392 /* CalendarManager.swift */,
				57E1EE5C2C6B9FFB00294392 /* Assets.xcassets */,
				57E1EE5E2C6B9FFB00294392 /* Preview Content */,
			);
			path = "Handy Route";
			sourceTree = "<group>";
		};
		57E1EE5E2C6B9FFB00294392 /* Preview Content */ = {
			isa = PBXGroup;
			children = (
				57E1EE5F2C6B9FFB00294392 /* Preview Assets.xcassets */,
			);
			path = "Preview Content";
			sourceTree = "<group>";
		};
/* End PBXGroup section */

/* Begin PBXNativeTarget section */
		57E1EE542C6B9FF900294392 /* Handy Route */ = {
			isa = PBXNativeTarget;
			buildConfigurationList = 57E1EE632C6B9FFB00294392 /* Build configuration list for PBXNativeTarget "Handy Route" */;
			buildPhases = (
				57E1EE512C6B9FF900294392 /* Sources */,
				57E1EE522C6B9FF900294392 /* Frameworks */,
				57E1EE532C6B9FF900294392 /* Resources */,
			);
			buildRules = (
			);
			dependencies = (
			);
			name = "Handy Route";
			productName = "Handy Route";
			productReference = 57E1EE552C6B9FF900294392 /* Handy Route.app */;
			productType = "com.apple.product-type.application";
		};
/* End PBXNativeTarget section */

/* Begin PBXProject section */
		57E1EE4D2C6B9FF900294392 /* Project object */ = {
			isa = PBXProject;
			attributes = {
				BuildIndependentTargetsInParallel = 1;
				LastSwiftUpdateCheck = 1540;
				LastUpgradeCheck = 1540;
				TargetAttributes = {
					57E1EE542C6B9FF900294392 = {
						CreatedOnToolsVersion = 15.4;
					};
				};
			};
			buildConfigurationList = 57E1EE502C6B9FF900294392 /* Build configuration list for PBXProject "Handy Route" */;
			compatibilityVersion = "Xcode 14.0";
			developmentRegion = en;
			hasScannedForEncodings = 0;
			knownRegions = (
				en,
				Base,
			);
			mainGroup = 57E1EE4C2C6B9FF900294392;
			productRefGroup = 57E1EE562C6B9FF900294392 /* Products */;
			projectDirPath = "";
			projectRoot = "";
			targets = (
				57E1EE542C6B9FF900294392 /* Handy Route */,
			);
		};
/* End PBXProject section */

/* Begin PBXResourcesBuildPhase section */
		57E1EE532C6B9FF900294392 /* Resources */ = {
			isa = PBXResourcesBuildPhase;
			buildActionMask = 2147483647;
			files = (
				5771DB522C71F1CD00294392 /* PrivacyInfo.xcprivacy in Resources */,
				57E1EE602C6B9FFB00294392 /* Preview Assets.xcassets in Resources */,
				57E1EE5D2C6B9FFB00294392 /* Assets.xcassets in Resources */,
			);
			runOnlyForDeploymentPostprocessing = 0;
		};
/* End PBXResourcesBuildPhase section */

/* Begin PBXSourcesBuildPhase section */
		57E1EE512C6B9FF900294392 /* Sources */ = {
			isa = PBXSourcesBuildPhase;
			buildActionMask = 2147483647;
			files = (
				5771DB502C71EE0E00294392 /* CalendarChooserView.swift in Sources */,
				5771DB4D2C71E38E00294392 /* CalendarManager.swift in Sources */,
				57E1EE5B2C6B9FF900294392 /* ContentView.swift in Sources */,
				57E1EE592C6B9FF900294392 /* Handy_RouteApp.swift in Sources */,
			);
			runOnlyForDeploymentPostprocessing = 0;
		};
/* End PBXSourcesBuildPhase section */

/* Begin XCBuildConfiguration section */
		57E1EE612C6B9FFB00294392 /* Debug */ = {
			isa = XCBuildConfiguration;
			buildSettings = {
				ALWAYS_SEARCH_USER_PATHS = NO;
				ASSETCATALOG_COMPILER_GENERATE_SWIFT_ASSET_SYMBOL_EXTENSIONS = YES;
				CLANG_ANALYZER_NONNULL = YES;
				CLANG_ANALYZER_NUMBER_OBJECT_CONVERSION = YES_AGGRESSIVE;
				CLANG_CXX_LANGUAGE_STANDARD = "gnu++20";
				CLANG_ENABLE_MODULES = YES;
				CLANG_ENABLE_OBJC_ARC = YES;
				CLANG_ENABLE_OBJC_WEAK = YES;
				CLANG_WARN_BLOCK_CAPTURE_AUTORELEASING = YES;
				CLANG_WARN_BOOL_CONVERSION = YES;
				CLANG_WARN_COMMA = YES;
				CLANG_WARN_CONSTANT_CONVERSION = YES;
				CLANG_WARN_DEPRECATED_OBJC_IMPLEMENTATIONS = YES;
				CLANG_WARN_DIRECT_OBJC_ISA_USAGE = YES_ERROR;
				CLANG_WARN_DOCUMENTATION_COMMENTS = YES;
				CLANG_WARN_EMPTY_BODY = YES;
				CLANG_WARN_ENUM_CONVERSION = YES;
				CLANG_WARN_INFINITE_RECURSION = YES;
				CLANG_WARN_INT_CONVERSION = YES;
				CLANG_WARN_NON_LITERAL_NULL_CONVERSION = YES;
				CLANG_WARN_OBJC_IMPLICIT_RETAIN_SELF = YES;
				CLANG_WARN_OBJC_LITERAL_CONVERSION = YES;
				CLANG_WARN_OBJC_ROOT_CLASS = YES_ERROR;
				CLANG_WARN_QUOTED_INCLUDE_IN_FRAMEWORK_HEADER = YES;
				CLANG_WARN_RANGE_LOOP_ANALYSIS = YES;
				CLANG_WARN_STRICT_PROTOTYPES = YES;
				CLANG_WARN_SUSPICIOUS_MOVE = YES;
				CLANG_WARN_UNGUARDED_AVAILABILITY = YES_AGGRESSIVE;
				CLANG_WARN_UNREACHABLE_CODE = YES;
				CLANG_WARN__DUPLICATE_METHOD_MATCH = YES;
				COPY_PHASE_STRIP = NO;
				DEBUG_INFORMATION_FORMAT = dwarf;
				ENABLE_STRICT_OBJC_MSGSEND = YES;
				ENABLE_TESTABILITY = YES;
				ENABLE_USER_SCRIPT_SANDBOXING = YES;
				GCC_C_LANGUAGE_STANDARD = gnu17;
				GCC_DYNAMIC_NO_PIC = NO;
				GCC_NO_COMMON_BLOCKS = YES;
				GCC_OPTIMIZATION_LEVEL = 0;
				GCC_PREPROCESSOR_DEFINITIONS = (
					"DEBUG=1",
					"$(inherited)",
				);
				GCC_WARN_64_TO_32_BIT_CONVERSION = YES;
				GCC_WARN_ABOUT_RETURN_TYPE = YES_ERROR;
				GCC_WARN_UNDECLARED_SELECTOR = YES;
				GCC_WARN_UNINITIALIZED_AUTOS = YES_AGGRESSIVE;
				GCC_WARN_UNUSED_FUNCTION = YES;
				GCC_WARN_UNUSED_VARIABLE = YES;
				IPHONEOS_DEPLOYMENT_TARGET = 17.5;
				LOCALIZATION_PREFERS_STRING_CATALOGS = YES;
				MTL_ENABLE_DEBUG_INFO = INCLUDE_SOURCE;
				MTL_FAST_MATH = YES;
				ONLY_ACTIVE_ARCH = YES;
				SDKROOT = iphoneos;
				SWIFT_ACTIVE_COMPILATION_CONDITIONS = "DEBUG $(inherited)";
				SWIFT_OPTIMIZATION_LEVEL = "-Onone";
			};
			name = Debug;
		};
		57E1EE622C6B9FFB00294392 /* Release */ = {
			isa = XCBuildConfiguration;
			buildSettings = {
				ALWAYS_SEARCH_USER_PATHS = NO;
				ASSETCATALOG_COMPILER_GENERATE_SWIFT_ASSET_SYMBOL_EXTENSIONS = YES;
				CLANG_ANALYZER_NONNULL = YES;
				CLANG_ANALYZER_NUMBER_OBJECT_CONVERSION = YES_AGGRESSIVE;
				CLANG_CXX_LANGUAGE_STANDARD = "gnu++20";
				CLANG_ENABLE_MODULES = YES;
				CLANG_ENABLE_OBJC_ARC = YES;
				CLANG_ENABLE_OBJC_WEAK = YES;
				CLANG_WARN_BLOCK_CAPTURE_AUTORELEASING = YES;
				CLANG_WARN_BOOL_CONVERSION = YES;
				CLANG_WARN_COMMA = YES;
				CLANG_WARN_CONSTANT_CONVERSION = YES;
				CLANG_WARN_DEPRECATED_OBJC_IMPLEMENTATIONS = YES;
				CLANG_WARN_DIRECT_OBJC_ISA_USAGE = YES_ERROR;
				CLANG_WARN_DOCUMENTATION_COMMENTS = YES;
				CLANG_WARN_EMPTY_BODY = YES;
				CLANG_WARN_ENUM_CONVERSION = YES;
				CLANG_WARN_INFINITE_RECURSION = YES;
				CLANG_WARN_INT_CONVERSION = YES;
				CLANG_WARN_NON_LITERAL_NULL_CONVERSION = YES;
				CLANG_WARN_OBJC_IMPLICIT_RETAIN_SELF = YES;
				CLANG_WARN_OBJC_LITERAL_CONVERSION = YES;
				CLANG_WARN_OBJC_ROOT_CLASS = YES_ERROR;
				CLANG_WARN_QUOTED_INCLUDE_IN_FRAMEWORK_HEADER = YES;
				CLANG_WARN_RANGE_LOOP_ANALYSIS = YES;
				CLANG_WARN_STRICT_PROTOTYPES = YES;
				CLANG_WARN_SUSPICIOUS_MOVE = YES;
				CLANG_WARN_UNGUARDED_AVAILABILITY = YES_AGGRESSIVE;
				CLANG_WARN_UNREACHABLE_CODE = YES;
				CLANG_WARN__DUPLICATE_METHOD_MATCH = YES;
				COPY_PHASE_STRIP = NO;
				DEBUG_INFORMATION_FORMAT = "dwarf-with-dsym";
				ENABLE_NS_ASSERTIONS = NO;
				ENABLE_STRICT_OBJC_MSGSEND = YES;
				ENABLE_USER_SCRIPT_SANDBOXING = YES;
				GCC_C_LANGUAGE_STANDARD = gnu17;
				GCC_NO_COMMON_BLOCKS = YES;
				GCC_WARN_64_TO_32_BIT_CONVERSION = YES;
				GCC_WARN_ABOUT_RETURN_TYPE = YES_ERROR;
				GCC_WARN_UNDECLARED_SELECTOR = YES;
				GCC_WARN_UNINITIALIZED_AUTOS = YES_AGGRESSIVE;
				GCC_WARN_UNUSED_FUNCTION = YES;
				GCC_WARN_UNUSED_VARIABLE = YES;
				IPHONEOS_DEPLOYMENT_TARGET = 17.5;
				LOCALIZATION_PREFERS_STRING_CATALOGS = YES;
				MTL_ENABLE_DEBUG_INFO = NO;
				MTL_FAST_MATH = YES;
				SDKROOT = iphoneos;
				SWIFT_COMPILATION_MODE = wholemodule;
				VALIDATE_PRODUCT = YES;
			};
			name = Release;
		};
		57E1EE642C6B9FFB00294392 /* Debug */ = {
			isa = XCBuildConfiguration;
			buildSettings = {
				ASSETCATALOG_COMPILER_APPICON_NAME = AppIconv4;
				ASSETCATALOG_COMPILER_GLOBAL_ACCENT_COLOR_NAME = AccentColor;
				CODE_SIGN_STYLE = Automatic;
				CURRENT_PROJECT_VERSION = 1;
				DEVELOPMENT_ASSET_PATHS = "\"Handy Route/Preview Content\"";
				DEVELOPMENT_TEAM = G7HRH2B3C7;
				ENABLE_PREVIEWS = YES;
				GENERATE_INFOPLIST_FILE = YES;
				INFOPLIST_FILE = "Handy-Route-Info.plist";
				INFOPLIST_KEY_UIApplicationSceneManifest_Generation = YES;
				INFOPLIST_KEY_UIApplicationSupportsIndirectInputEvents = YES;
				INFOPLIST_KEY_UILaunchScreen_Generation = YES;
				INFOPLIST_KEY_UISupportedInterfaceOrientations_iPad = "UIInterfaceOrientationPortrait UIInterfaceOrientationPortraitUpsideDown UIInterfaceOrientationLandscapeLeft UIInterfaceOrientationLandscapeRight";
				INFOPLIST_KEY_UISupportedInterfaceOrientations_iPhone = "UIInterfaceOrientationPortrait UIInterfaceOrientationLandscapeLeft UIInterfaceOrientationLandscapeRight";
				LD_RUNPATH_SEARCH_PATHS = (
					"$(inherited)",
					"@executable_path/Frameworks",
				);
				MARKETING_VERSION = 1.0;
				PRODUCT_BUNDLE_IDENTIFIER = "dev.xbow.Handy-Route";
				PRODUCT_NAME = "$(TARGET_NAME)";
				SWIFT_EMIT_LOC_STRINGS = YES;
				SWIFT_VERSION = 5.0;
				TARGETED_DEVICE_FAMILY = "1,2";
			};
			name = Debug;
		};
		57E1EE652C6B9FFB00294392 /* Release */ = {
			isa = XCBuildConfiguration;
			buildSettings = {
				ASSETCATALOG_COMPILER_APPICON_NAME = AppIconv4;
				ASSETCATALOG_COMPILER_GLOBAL_ACCENT_COLOR_NAME = AccentColor;
				CODE_SIGN_STYLE = Automatic;
				CURRENT_PROJECT_VERSION = 1;
				DEVELOPMENT_ASSET_PATHS = "\"Handy Route/Preview Content\"";
				DEVELOPMENT_TEAM = G7HRH2B3C7;
				ENABLE_PREVIEWS = YES;
				GENERATE_INFOPLIST_FILE = YES;
				INFOPLIST_FILE = "Handy-Route-Info.plist";
				INFOPLIST_KEY_UIApplicationSceneManifest_Generation = YES;
				INFOPLIST_KEY_UIApplicationSupportsIndirectInputEvents = YES;
				INFOPLIST_KEY_UILaunchScreen_Generation = YES;
				INFOPLIST_KEY_UISupportedInterfaceOrientations_iPad = "UIInterfaceOrientationPortrait UIInterfaceOrientationPortraitUpsideDown UIInterfaceOrientationLandscapeLeft UIInterfaceOrientationLandscapeRight";
				INFOPLIST_KEY_UISupportedInterfaceOrientations_iPhone = "UIInterfaceOrientationPortrait UIInterfaceOrientationLandscapeLeft UIInterfaceOrientationLandscapeRight";
				LD_RUNPATH_SEARCH_PATHS = (
					"$(inherited)",
					"@executable_path/Frameworks",
				);
				MARKETING_VERSION = 1.0;
				PRODUCT_BUNDLE_IDENTIFIER = "dev.xbow.Handy-Route";
				PRODUCT_NAME = "$(TARGET_NAME)";
				SWIFT_EMIT_LOC_STRINGS = YES;
				SWIFT_VERSION = 5.0;
				TARGETED_DEVICE_FAMILY = "1,2";
			};
			name = Release;
		};
/* End XCBuildConfiguration section */

/* Begin XCConfigurationList section */
		57E1EE502C6B9FF900294392 /* Build configuration list for PBXProject "Handy Route" */ = {
			isa = XCConfigurationList;
			buildConfigurations = (
				57E1EE612C6B9FFB00294392 /* Debug */,
				57E1EE622C6B9FFB00294392 /* Release */,
			);
			defaultConfigurationIsVisible = 0;
			defaultConfigurationName = Release;
		};
		57E1EE632C6B9FFB00294392 /* Build configuration list for PBXNativeTarget "Handy Route" */ = {
			isa = XCConfigurationList;
			buildConfigurations = (
				57E1EE642C6B9FFB00294392 /* Debug */,
				57E1EE652C6B9FFB00294392 /* Release */,
			);
			defaultConfigurationIsVisible = 0;
			defaultConfigurationName = Release;
		};
/* End XCConfigurationList section */
	};
	rootObject = 57E1EE4D2C6B9FF900294392 /* Project object */;
}
